
Microsoft Visual Studio Solution File, Format Version 12.00
# Visual Studio 15
VisualStudioVersion = 15.0.28307.168
MinimumVisualStudioVersion = 10.0.40219.1
Project("{8BC9CEB8-8B4A-11D0-8D11-00A0C91BC942}") = "YLang", "YLang\YLang.vcxproj", "{82CBE65A-F93F-4757-884B-D42FEFA59A55}"
EndProject
Global
	GlobalSection(SolutionConfigurationPlatforms) = preSolution
		Debug|x64 = Debug|x64
		Debug|x86 = Debug|x86
		Release|x64 = Release|x64
		Release|x86 = Release|x86
	EndGlobalSection
	GlobalSection(ProjectConfigurationPlatforms) = postSolution
		{82CBE65A-F93F-4757-884B-D42FEFA59A55}.Debug|x64.ActiveCfg = Debug|x64
		{82CBE65A-F93F-4757-884B-D42FEFA59A55}.Debug|x64.Build.0 = Debug|x64
		{82CBE65A-F93F-4757-884B-D42FEFA59A55}.Debug|x86.ActiveCfg = Debug|Win32
		{82CBE65A-F93F-4757-884B-D42FEFA59A55}.Debug|x86.Build.0 = Debug|Win32
		{82CBE65A-F93F-4757-884B-D42FEFA59A55}.Release|x64.ActiveCfg = Release|x64
		{82CBE65A-F93F-4757-884B-D42FEFA59A55}.Release|x64.Build.0 = Release|x64
		{82CBE65A-F93F-4757-884B-D42FEFA59A55}.Release|x86.ActiveCfg = Release|Win32
		{82CBE65A-F93F-4757-884B-D42FEFA59A55}.Release|x86.Build.0 = Release|Win32
	EndGlobalSection
	GlobalSection(SolutionProperties) = preSolution
		HideSolutionNode = FALSE
	EndGlobalSection
	GlobalSection(ExtensibilityGlobals) = postSolution
		SolutionGuid = {2E4153F9-90EB-4800-B396-312BCE05E579}
	EndGlobalSection
EndGlobal
